
Microsoft Visual Studio Solution File, Format Version 12.00
# Visual Studio 15
VisualStudioVersion = 15.0.28010.2016
MinimumVisualStudioVersion = 10.0.40219.1
Project("{FAE04EC0-301F-11D3-BF4B-00C04F79EFBC}") = "E3.3RamirezGarciaJesus", "E3.3RamirezGarciaJesus\E3.3RamirezGarciaJesus.csproj", "{40FC1884-A29A-4723-B54E-B28A239ACFBA}"
EndProject
Global
	GlobalSection(SolutionConfigurationPlatforms) = preSolution
		Debug|Any CPU = Debug|Any CPU
		Release|Any CPU = Release|Any CPU
	EndGlobalSection
	GlobalSection(ProjectConfigurationPlatforms) = postSolution
		{40FC1884-A29A-4723-B54E-B28A239ACFBA}.Debug|Any CPU.ActiveCfg = Debug|Any CPU
		{40FC1884-A29A-4723-B54E-B28A239ACFBA}.Debug|Any CPU.Build.0 = Debug|Any CPU
		{40FC1884-A29A-4723-B54E-B28A239ACFBA}.Release|Any CPU.ActiveCfg = Release|Any CPU
		{40FC1884-A29A-4723-B54E-B28A239ACFBA}.Release|Any CPU.Build.0 = Release|Any CPU
	EndGlobalSection
	GlobalSection(SolutionProperties) = preSolution
		HideSolutionNode = FALSE
	EndGlobalSection
	GlobalSection(ExtensibilityGlobals) = postSolution
		SolutionGuid = {4E2AC4D7-6FEA-485D-9863-85BECDCF8EC4}
	EndGlobalSection
EndGlobal
